
Microsoft Visual Studio Solution File, Format Version 12.00
# Visual Studio Version 16
VisualStudioVersion = 16.0.30804.86
MinimumVisualStudioVersion = 10.0.40219.1
Project("{9A19103F-16F7-4668-BE54-9A1E7A4F7556}") = "OdeToFood", "OdeToFood\OdeToFood.csproj", "{5873CB9B-4EAA-46B8-9434-FA958DB8BBE5}"
EndProject
Project("{9A19103F-16F7-4668-BE54-9A1E7A4F7556}") = "OdeToFood.Core", "OdeToFood.Core\OdeToFood.Core.csproj", "{F6F7CD3C-31AF-43B0-B00E-C6410C2A7224}"
EndProject
Project("{9A19103F-16F7-4668-BE54-9A1E7A4F7556}") = "OdeToFood.Data", "OdeToFood.Data\OdeToFood.Data.csproj", "{B4513D05-3C57-4F88-88DA-8B9D08D5683E}"
EndProject
Global
	GlobalSection(SolutionConfigurationPlatforms) = preSolution
		Debug|Any CPU = Debug|Any CPU
		Release|Any CPU = Release|Any CPU
	EndGlobalSection
	GlobalSection(ProjectConfigurationPlatforms) = postSolution
		{5873CB9B-4EAA-46B8-9434-FA958DB8BBE5}.Debug|Any CPU.ActiveCfg = Debug|Any CPU
		{5873CB9B-4EAA-46B8-9434-FA958DB8BBE5}.Debug|Any CPU.Build.0 = Debug|Any CPU
		{5873CB9B-4EAA-46B8-9434-FA958DB8BBE5}.Release|Any CPU.ActiveCfg = Release|Any CPU
		{5873CB9B-4EAA-46B8-9434-FA958DB8BBE5}.Release|Any CPU.Build.0 = Release|Any CPU
		{F6F7CD3C-31AF-43B0-B00E-C6410C2A7224}.Debug|Any CPU.ActiveCfg = Debug|Any CPU
		{F6F7CD3C-31AF-43B0-B00E-C6410C2A7224}.Debug|Any CPU.Build.0 = Debug|Any CPU
		{F6F7CD3C-31AF-43B0-B00E-C6410C2A7224}.Release|Any CPU.ActiveCfg = Release|Any CPU
		{F6F7CD3C-31AF-43B0-B00E-C6410C2A7224}.Release|Any CPU.Build.0 = Release|Any CPU
		{B4513D05-3C57-4F88-88DA-8B9D08D5683E}.Debug|Any CPU.ActiveCfg = Debug|Any CPU
		{B4513D05-3C57-4F88-88DA-8B9D08D5683E}.Debug|Any CPU.Build.0 = Debug|Any CPU
		{B4513D05-3C57-4F88-88DA-8B9D08D5683E}.Release|Any CPU.ActiveCfg = Release|Any CPU
		{B4513D05-3C57-4F88-88DA-8B9D08D5683E}.Release|Any CPU.Build.0 = Release|Any CPU
	EndGlobalSection
	GlobalSection(SolutionProperties) = preSolution
		HideSolutionNode = FALSE
	EndGlobalSection
	GlobalSection(ExtensibilityGlobals) = postSolution
		SolutionGuid = {A8BE2382-2884-4915-AAE0-CC574E93C9FF}
	EndGlobalSection
EndGlobal
